
Microsoft Visual Studio Solution File, Format Version 12.00
# Visual Studio Version 17
VisualStudioVersion = 17.11.35222.181
MinimumVisualStudioVersion = 10.0.40219.1
Project("{9A19103F-16F7-4668-BE54-9A1E7A4F7556}") = "EmployeeService", "EmployeeService.csproj", "{62496A39-C573-40E5-B2BD-BD3C78ED32F8}"
EndProject
Global
	GlobalSection(SolutionConfigurationPlatforms) = preSolution
		Debug|Any CPU = Debug|Any CPU
		Release|Any CPU = Release|Any CPU
	EndGlobalSection
	GlobalSection(ProjectConfigurationPlatforms) = postSolution
		{62496A39-C573-40E5-B2BD-BD3C78ED32F8}.Debug|Any CPU.ActiveCfg = Debug|Any CPU
		{62496A39-C573-40E5-B2BD-BD3C78ED32F8}.Debug|Any CPU.Build.0 = Debug|Any CPU
		{62496A39-C573-40E5-B2BD-BD3C78ED32F8}.Release|Any CPU.ActiveCfg = Release|Any CPU
		{62496A39-C573-40E5-B2BD-BD3C78ED32F8}.Release|Any CPU.Build.0 = Release|Any CPU
	EndGlobalSection
	GlobalSection(SolutionProperties) = preSolution
		HideSolutionNode = FALSE
	EndGlobalSection
	GlobalSection(ExtensibilityGlobals) = postSolution
		SolutionGuid = {16A01FCB-71AE-4EF0-B738-D2EA9AF1A5DE}
	EndGlobalSection
EndGlobal
